
Microsoft Visual Studio Solution File, Format Version 12.00
# Visual Studio Version 17
VisualStudioVersion = 17.8.34408.163
MinimumVisualStudioVersion = 10.0.40219.1
Project("{9A19103F-16F7-4668-BE54-9A1E7A4F7556}") = "inlämningsuppgift4", "inlämningsuppgift4\inlämningsuppgift4.csproj", "{0CF5B6A6-0E74-459F-BDE6-18B5DF5FF555}"
EndProject
Project("{9A19103F-16F7-4668-BE54-9A1E7A4F7556}") = "Task1", "Task1\Task1.csproj", "{F9C4C608-CE3C-42CD-BD67-93E93C20EF26}"
EndProject
Project("{9A19103F-16F7-4668-BE54-9A1E7A4F7556}") = "Task2", "Task2\Task2.csproj", "{01994B1A-6C71-4368-B351-D88E42C26C09}"
EndProject
Project("{9A19103F-16F7-4668-BE54-9A1E7A4F7556}") = "Task3", "Task3\Task3.csproj", "{6B513E2E-C235-4AFC-8892-E3B06F7501BD}"
EndProject
Project("{9A19103F-16F7-4668-BE54-9A1E7A4F7556}") = "Task4", "Task4\Task4.csproj", "{435B6323-BB03-4578-B634-BD86DBE7FCF1}"
EndProject
Project("{9A19103F-16F7-4668-BE54-9A1E7A4F7556}") = "Task5", "Task5\Task5.csproj", "{FE4FD4DC-7EE7-49C0-890F-558D38C1FB8F}"
EndProject
Project("{9A19103F-16F7-4668-BE54-9A1E7A4F7556}") = "Task6", "Task6\Task6.csproj", "{7A69A95D-43B5-4269-972C-D2DFD0E1279C}"
EndProject
Project("{9A19103F-16F7-4668-BE54-9A1E7A4F7556}") = "Task7", "Task7\Task7.csproj", "{E0F860E9-7224-493D-80A7-4713ABD9A419}"
EndProject
Project("{FAE04EC0-301F-11D3-BF4B-00C04F79EFBC}") = "Task-7", "Task-7\Task-7.csproj", "{AEBC95DA-0D7F-4EDB-8F7D-B4A2EEB6A04D}"
EndProject
Global
	GlobalSection(SolutionConfigurationPlatforms) = preSolution
		Debug|Any CPU = Debug|Any CPU
		Debug|ARM = Debug|ARM
		Debug|ARM64 = Debug|ARM64
		Debug|x64 = Debug|x64
		Debug|x86 = Debug|x86
		Release|Any CPU = Release|Any CPU
		Release|ARM = Release|ARM
		Release|ARM64 = Release|ARM64
		Release|x64 = Release|x64
		Release|x86 = Release|x86
	EndGlobalSection
	GlobalSection(ProjectConfigurationPlatforms) = postSolution
		{0CF5B6A6-0E74-459F-BDE6-18B5DF5FF555}.Debug|Any CPU.ActiveCfg = Debug|Any CPU
		{0CF5B6A6-0E74-459F-BDE6-18B5DF5FF555}.Debug|Any CPU.Build.0 = Debug|Any CPU
		{0CF5B6A6-0E74-459F-BDE6-18B5DF5FF555}.Debug|ARM.ActiveCfg = Debug|Any CPU
		{0CF5B6A6-0E74-459F-BDE6-18B5DF5FF555}.Debug|ARM.Build.0 = Debug|Any CPU
		{0CF5B6A6-0E74-459F-BDE6-18B5DF5FF555}.Debug|ARM64.ActiveCfg = Debug|Any CPU
		{0CF5B6A6-0E74-459F-BDE6-18B5DF5FF555}.Debug|ARM64.Build.0 = Debug|Any CPU
		{0CF5B6A6-0E74-459F-BDE6-18B5DF5FF555}.Debug|x64.ActiveCfg = Debug|Any CPU
		{0CF5B6A6-0E74-459F-BDE6-18B5DF5FF555}.Debug|x64.Build.0 = Debug|Any CPU
		{0CF5B6A6-0E74-459F-BDE6-18B5DF5FF555}.Debug|x86.ActiveCfg = Debug|Any CPU
		{0CF5B6A6-0E74-459F-BDE6-18B5DF5FF555}.Debug|x86.Build.0 = Debug|Any CPU
		{0CF5B6A6-0E74-459F-BDE6-18B5DF5FF555}.Release|Any CPU.ActiveCfg = Release|Any CPU
		{0CF5B6A6-0E74-459F-BDE6-18B5DF5FF555}.Release|Any CPU.Build.0 = Release|Any CPU
		{0CF5B6A6-0E74-459F-BDE6-18B5DF5FF555}.Release|ARM.ActiveCfg = Release|Any CPU
		{0CF5B6A6-0E74-459F-BDE6-18B5DF5FF555}.Release|ARM.Build.0 = Release|Any CPU
		{0CF5B6A6-0E74-459F-BDE6-18B5DF5FF555}.Release|ARM64.ActiveCfg = Release|Any CPU
		{0CF5B6A6-0E74-459F-BDE6-18B5DF5FF555}.Release|ARM64.Build.0 = Release|Any CPU
		{0CF5B6A6-0E74-459F-BDE6-18B5DF5FF555}.Release|x64.ActiveCfg = Release|Any CPU
		{0CF5B6A6-0E74-459F-BDE6-18B5DF5FF555}.Release|x64.Build.0 = Release|Any CPU
		{0CF5B6A6-0E74-459F-BDE6-18B5DF5FF555}.Release|x86.ActiveCfg = Release|Any CPU
		{0CF5B6A6-0E74-459F-BDE6-18B5DF5FF555}.Release|x86.Build.0 = Release|Any CPU
		{F9C4C608-CE3C-42CD-BD67-93E93C20EF26}.Debug|Any CPU.ActiveCfg = Debug|Any CPU
		{F9C4C608-CE3C-42CD-BD67-93E93C20EF26}.Debug|Any CPU.Build.0 = Debug|Any CPU
		{F9C4C608-CE3C-42CD-BD67-93E93C20EF26}.Debug|ARM.ActiveCfg = Debug|Any CPU
		{F9C4C608-CE3C-42CD-BD67-93E93C20EF26}.Debug|ARM.Build.0 = Debug|Any CPU
		{F9C4C608-CE3C-42CD-BD67-93E93C20EF26}.Debug|ARM64.ActiveCfg = Debug|Any CPU
		{F9C4C608-CE3C-42CD-BD67-93E93C20EF26}.Debug|ARM64.Build.0 = Debug|Any CPU
		{F9C4C608-CE3C-42CD-BD67-93E93C20EF26}.Debug|x64.ActiveCfg = Debug|Any CPU
		{F9C4C608-CE3C-42CD-BD67-93E93C20EF26}.Debug|x64.Build.0 = Debug|Any CPU
		{F9C4C608-CE3C-42CD-BD67-93E93C20EF26}.Debug|x86.ActiveCfg = Debug|Any CPU
		{F9C4C608-CE3C-42CD-BD67-93E93C20EF26}.Debug|x86.Build.0 = Debug|Any CPU
		{F9C4C608-CE3C-42CD-BD67-93E93C20EF26}.Release|Any CPU.ActiveCfg = Release|Any CPU
		{F9C4C608-CE3C-42CD-BD67-93E93C20EF26}.Release|Any CPU.Build.0 = Release|Any CPU
		{F9C4C608-CE3C-42CD-BD67-93E93C20EF26}.Release|ARM.ActiveCfg = Release|Any CPU
		{F9C4C608-CE3C-42CD-BD67-93E93C20EF26}.Release|ARM.Build.0 = Release|Any CPU
		{F9C4C608-CE3C-42CD-BD67-93E93C20EF26}.Release|ARM64.ActiveCfg = Release|Any CPU
		{F9C4C608-CE3C-42CD-BD67-93E93C20EF26}.Release|ARM64.Build.0 = Release|Any CPU
		{F9C4C608-CE3C-42CD-BD67-93E93C20EF26}.Release|x64.ActiveCfg = Release|Any CPU
		{F9C4C608-CE3C-42CD-BD67-93E93C20EF26}.Release|x64.Build.0 = Release|Any CPU
		{F9C4C608-CE3C-42CD-BD67-93E93C20EF26}.Release|x86.ActiveCfg = Release|Any CPU
		{F9C4C608-CE3C-42CD-BD67-93E93C20EF26}.Release|x86.Build.0 = Release|Any CPU
		{01994B1A-6C71-4368-B351-D88E42C26C09}.Debug|Any CPU.ActiveCfg = Debug|Any CPU
		{01994B1A-6C71-4368-B351-D88E42C26C09}.Debug|Any CPU.Build.0 = Debug|Any CPU
		{01994B1A-6C71-4368-B351-D88E42C26C09}.Debug|ARM.ActiveCfg = Debug|Any CPU
		{01994B1A-6C71-4368-B351-D88E42C26C09}.Debug|ARM.Build.0 = Debug|Any CPU
		{01994B1A-6C71-4368-B351-D88E42C26C09}.Debug|ARM64.ActiveCfg = Debug|Any CPU
		{01994B1A-6C71-4368-B351-D88E42C26C09}.Debug|ARM64.Build.0 = Debug|Any CPU
		{01994B1A-6C71-4368-B351-D88E42C26C09}.Debug|x64.ActiveCfg = Debug|Any CPU
		{01994B1A-6C71-4368-B351-D88E42C26C09}.Debug|x64.Build.0 = Debug|Any CPU
		{01994B1A-6C71-4368-B351-D88E42C26C09}.Debug|x86.ActiveCfg = Debug|Any CPU
		{01994B1A-6C71-4368-B351-D88E42C26C09}.Debug|x86.Build.0 = Debug|Any CPU
		{01994B1A-6C71-4368-B351-D88E42C26C09}.Release|Any CPU.ActiveCfg = Release|Any CPU
		{01994B1A-6C71-4368-B351-D88E42C26C09}.Release|Any CPU.Build.0 = Release|Any CPU
		{01994B1A-6C71-4368-B351-D88E42C26C09}.Release|ARM.ActiveCfg = Release|Any CPU
		{01994B1A-6C71-4368-B351-D88E42C26C09}.Release|ARM.Build.0 = Release|Any CPU
		{01994B1A-6C71-4368-B351-D88E42C26C09}.Release|ARM64.ActiveCfg = Release|Any CPU
		{01994B1A-6C71-4368-B351-D88E42C26C09}.Release|ARM64.Build.0 = Release|Any CPU
		{01994B1A-6C71-4368-B351-D88E42C26C09}.Release|x64.ActiveCfg = Release|Any CPU
		{01994B1A-6C71-4368-B351-D88E42C26C09}.Release|x64.Build.0 = Release|Any CPU
		{01994B1A-6C71-4368-B351-D88E42C26C09}.Release|x86.ActiveCfg = Release|Any CPU
		{01994B1A-6C71-4368-B351-D88E42C26C09}.Release|x86.Build.0 = Release|Any CPU
		{6B513E2E-C235-4AFC-8892-E3B06F7501BD}.Debug|Any CPU.ActiveCfg = Debug|Any CPU
		{6B513E2E-C235-4AFC-8892-E3B06F7501BD}.Debug|Any CPU.Build.0 = Debug|Any CPU
		{6B513E2E-C235-4AFC-8892-E3B06F7501BD}.Debug|ARM.ActiveCfg = Debug|Any CPU
		{6B513E2E-C235-4AFC-8892-E3B06F7501BD}.Debug|ARM.Build.0 = Debug|Any CPU
		{6B513E2E-C235-4AFC-8892-E3B06F7501BD}.Debug|ARM64.ActiveCfg = Debug|Any CPU
		{6B513E2E-C235-4AFC-8892-E3B06F7501BD}.Debug|ARM64.Build.0 = Debug|Any CPU
		{6B513E2E-C235-4AFC-8892-E3B06F7501BD}.Debug|x64.ActiveCfg = Debug|Any CPU
		{6B513E2E-C235-4AFC-8892-E3B06F7501BD}.Debug|x64.Build.0 = Debug|Any CPU
		{6B513E2E-C235-4AFC-8892-E3B06F7501BD}.Debug|x86.ActiveCfg = Debug|Any CPU
		{6B513E2E-C235-4AFC-8892-E3B06F7501BD}.Debug|x86.Build.0 = Debug|Any CPU
		{6B513E2E-C235-4AFC-8892-E3B06F7501BD}.Release|Any CPU.ActiveCfg = Release|Any CPU
		{6B513E2E-C235-4AFC-8892-E3B06F7501BD}.Release|Any CPU.Build.0 = Release|Any CPU
		{6B513E2E-C235-4AFC-8892-E3B06F7501BD}.Release|ARM.ActiveCfg = Release|Any CPU
		{6B513E2E-C235-4AFC-8892-E3B06F7501BD}.Release|ARM.Build.0 = Release|Any CPU
		{6B513E2E-C235-4AFC-8892-E3B06F7501BD}.Release|ARM64.ActiveCfg = Release|Any CPU
		{6B513E2E-C235-4AFC-8892-E3B06F7501BD}.Release|ARM64.Build.0 = Release|Any CPU
		{6B513E2E-C235-4AFC-8892-E3B06F7501BD}.Release|x64.ActiveCfg = Release|Any CPU
		{6B513E2E-C235-4AFC-8892-E3B06F7501BD}.Release|x64.Build.0 = Release|Any CPU
		{6B513E2E-C235-4AFC-8892-E3B06F7501BD}.Release|x86.ActiveCfg = Release|Any CPU
		{6B513E2E-C235-4AFC-8892-E3B06F7501BD}.Release|x86.Build.0 = Release|Any CPU
		{435B6323-BB03-4578-B634-BD86DBE7FCF1}.Debug|Any CPU.ActiveCfg = Debug|Any CPU
		{435B6323-BB03-4578-B634-BD86DBE7FCF1}.Debug|Any CPU.Build.0 = Debug|Any CPU
		{435B6323-BB03-4578-B634-BD86DBE7FCF1}.Debug|ARM.ActiveCfg = Debug|Any CPU
		{435B6323-BB03-4578-B634-BD86DBE7FCF1}.Debug|ARM.Build.0 = Debug|Any CPU
		{435B6323-BB03-4578-B634-BD86DBE7FCF1}.Debug|ARM64.ActiveCfg = Debug|Any CPU
		{435B6323-BB03-4578-B634-BD86DBE7FCF1}.Debug|ARM64.Build.0 = Debug|Any CPU
		{435B6323-BB03-4578-B634-BD86DBE7FCF1}.Debug|x64.ActiveCfg = Debug|Any CPU
		{435B6323-BB03-4578-B634-BD86DBE7FCF1}.Debug|x64.Build.0 = Debug|Any CPU
		{435B6323-BB03-4578-B634-BD86DBE7FCF1}.Debug|x86.ActiveCfg = Debug|Any CPU
		{435B6323-BB03-4578-B634-BD86DBE7FCF1}.Debug|x86.Build.0 = Debug|Any CPU
		{435B6323-BB03-4578-B634-BD86DBE7FCF1}.Release|Any CPU.ActiveCfg = Release|Any CPU
		{435B6323-BB03-4578-B634-BD86DBE7FCF1}.Release|Any CPU.Build.0 = Release|Any CPU
		{435B6323-BB03-4578-B634-BD86DBE7FCF1}.Release|ARM.ActiveCfg = Release|Any CPU
		{435B6323-BB03-4578-B634-BD86DBE7FCF1}.Release|ARM.Build.0 = Release|Any CPU
		{435B6323-BB03-4578-B634-BD86DBE7FCF1}.Release|ARM64.ActiveCfg = Release|Any CPU
		{435B6323-BB03-4578-B634-BD86DBE7FCF1}.Release|ARM64.Build.0 = Release|Any CPU
		{435B6323-BB03-4578-B634-BD86DBE7FCF1}.Release|x64.ActiveCfg = Release|Any CPU
		{435B6323-BB03-4578-B634-BD86DBE7FCF1}.Release|x64.Build.0 = Release|Any CPU
		{435B6323-BB03-4578-B634-BD86DBE7FCF1}.Release|x86.ActiveCfg = Release|Any CPU
		{435B6323-BB03-4578-B634-BD86DBE7FCF1}.Release|x86.Build.0 = Release|Any CPU
		{FE4FD4DC-7EE7-49C0-890F-558D38C1FB8F}.Debug|Any CPU.ActiveCfg = Debug|Any CPU
		{FE4FD4DC-7EE7-49C0-890F-558D38C1FB8F}.Debug|Any CPU.Build.0 = Debug|Any CPU
		{FE4FD4DC-7EE7-49C0-890F-558D38C1FB8F}.Debug|ARM.ActiveCfg = Debug|Any CPU
		{FE4FD4DC-7EE7-49C0-890F-558D38C1FB8F}.Debug|ARM.Build.0 = Debug|Any CPU
		{FE4FD4DC-7EE7-49C0-890F-558D38C1FB8F}.Debug|ARM64.ActiveCfg = Debug|Any CPU
		{FE4FD4DC-7EE7-49C0-890F-558D38C1FB8F}.Debug|ARM64.Build.0 = Debug|Any CPU
		{FE4FD4DC-7EE7-49C0-890F-558D38C1FB8F}.Debug|x64.ActiveCfg = Debug|Any CPU
		{FE4FD4DC-7EE7-49C0-890F-558D38C1FB8F}.Debug|x64.Build.0 = Debug|Any CPU
		{FE4FD4DC-7EE7-49C0-890F-558D38C1FB8F}.Debug|x86.ActiveCfg = Debug|Any CPU
		{FE4FD4DC-7EE7-49C0-890F-558D38C1FB8F}.Debug|x86.Build.0 = Debug|Any CPU
		{FE4FD4DC-7EE7-49C0-890F-558D38C1FB8F}.Release|Any CPU.ActiveCfg = Release|Any CPU
		{FE4FD4DC-7EE7-49C0-890F-558D38C1FB8F}.Release|Any CPU.Build.0 = Release|Any CPU
		{FE4FD4DC-7EE7-49C0-890F-558D38C1FB8F}.Release|ARM.ActiveCfg = Release|Any CPU
		{FE4FD4DC-7EE7-49C0-890F-558D38C1FB8F}.Release|ARM.Build.0 = Release|Any CPU
		{FE4FD4DC-7EE7-49C0-890F-558D38C1FB8F}.Release|ARM64.ActiveCfg = Release|Any CPU
		{FE4FD4DC-7EE7-49C0-890F-558D38C1FB8F}.Release|ARM64.Build.0 = Release|Any CPU
		{FE4FD4DC-7EE7-49C0-890F-558D38C1FB8F}.Release|x64.ActiveCfg = Release|Any CPU
		{FE4FD4DC-7EE7-49C0-890F-558D38C1FB8F}.Release|x64.Build.0 = Release|Any CPU
		{FE4FD4DC-7EE7-49C0-890F-558D38C1FB8F}.Release|x86.ActiveCfg = Release|Any CPU
		{FE4FD4DC-7EE7-49C0-890F-558D38C1FB8F}.Release|x86.Build.0 = Release|Any CPU
		{7A69A95D-43B5-4269-972C-D2DFD0E1279C}.Debug|Any CPU.ActiveCfg = Debug|Any CPU
		{7A69A95D-43B5-4269-972C-D2DFD0E1279C}.Debug|Any CPU.Build.0 = Debug|Any CPU
		{7A69A95D-43B5-4269-972C-D2DFD0E1279C}.Debug|ARM.ActiveCfg = Debug|Any CPU
		{7A69A95D-43B5-4269-972C-D2DFD0E1279C}.Debug|ARM.Build.0 = Debug|Any CPU
		{7A69A95D-43B5-4269-972C-D2DFD0E1279C}.Debug|ARM64.ActiveCfg = Debug|Any CPU
		{7A69A95D-43B5-4269-972C-D2DFD0E1279C}.Debug|ARM64.Build.0 = Debug|Any CPU
		{7A69A95D-43B5-4269-972C-D2DFD0E1279C}.Debug|x64.ActiveCfg = Debug|Any CPU
		{7A69A95D-43B5-4269-972C-D2DFD0E1279C}.Debug|x64.Build.0 = Debug|Any CPU
		{7A69A95D-43B5-4269-972C-D2DFD0E1279C}.Debug|x86.ActiveCfg = Debug|Any CPU
		{7A69A95D-43B5-4269-972C-D2DFD0E1279C}.Debug|x86.Build.0 = Debug|Any CPU
		{7A69A95D-43B5-4269-972C-D2DFD0E1279C}.Release|Any CPU.ActiveCfg = Release|Any CPU
		{7A69A95D-43B5-4269-972C-D2DFD0E1279C}.Release|Any CPU.Build.0 = Release|Any CPU
		{7A69A95D-43B5-4269-972C-D2DFD0E1279C}.Release|ARM.ActiveCfg = Release|Any CPU
		{7A69A95D-43B5-4269-972C-D2DFD0E1279C}.Release|ARM.Build.0 = Release|Any CPU
		{7A69A95D-43B5-4269-972C-D2DFD0E1279C}.Release|ARM64.ActiveCfg = Release|Any CPU
		{7A69A95D-43B5-4269-972C-D2DFD0E1279C}.Release|ARM64.Build.0 = Release|Any CPU
		{7A69A95D-43B5-4269-972C-D2DFD0E1279C}.Release|x64.ActiveCfg = Release|Any CPU
		{7A69A95D-43B5-4269-972C-D2DFD0E1279C}.Release|x64.Build.0 = Release|Any CPU
		{7A69A95D-43B5-4269-972C-D2DFD0E1279C}.Release|x86.ActiveCfg = Release|Any CPU
		{7A69A95D-43B5-4269-972C-D2DFD0E1279C}.Release|x86.Build.0 = Release|Any CPU
		{E0F860E9-7224-493D-80A7-4713ABD9A419}.Debug|Any CPU.ActiveCfg = Debug|Any CPU
		{E0F860E9-7224-493D-80A7-4713ABD9A419}.Debug|Any CPU.Build.0 = Debug|Any CPU
		{E0F860E9-7224-493D-80A7-4713ABD9A419}.Debug|ARM.ActiveCfg = Debug|Any CPU
		{E0F860E9-7224-493D-80A7-4713ABD9A419}.Debug|ARM.Build.0 = Debug|Any CPU
		{E0F860E9-7224-493D-80A7-4713ABD9A419}.Debug|ARM64.ActiveCfg = Debug|Any CPU
		{E0F860E9-7224-493D-80A7-4713ABD9A419}.Debug|ARM64.Build.0 = Debug|Any CPU
		{E0F860E9-7224-493D-80A7-4713ABD9A419}.Debug|x64.ActiveCfg = Debug|Any CPU
		{E0F860E9-7224-493D-80A7-4713ABD9A419}.Debug|x64.Build.0 = Debug|Any CPU
		{E0F860E9-7224-493D-80A7-4713ABD9A419}.Debug|x86.ActiveCfg = Debug|Any CPU
		{E0F860E9-7224-493D-80A7-4713ABD9A419}.Debug|x86.Build.0 = Debug|Any CPU
		{E0F860E9-7224-493D-80A7-4713ABD9A419}.Release|Any CPU.ActiveCfg = Release|Any CPU
		{E0F860E9-7224-493D-80A7-4713ABD9A419}.Release|Any CPU.Build.0 = Release|Any CPU
		{E0F860E9-7224-493D-80A7-4713ABD9A419}.Release|ARM.ActiveCfg = Release|Any CPU
		{E0F860E9-7224-493D-80A7-4713ABD9A419}.Release|ARM.Build.0 = Release|Any CPU
		{E0F860E9-7224-493D-80A7-4713ABD9A419}.Release|ARM64.ActiveCfg = Release|Any CPU
		{E0F860E9-7224-493D-80A7-4713ABD9A419}.Release|ARM64.Build.0 = Release|Any CPU
		{E0F860E9-7224-493D-80A7-4713ABD9A419}.Release|x64.ActiveCfg = Release|Any CPU
		{E0F860E9-7224-493D-80A7-4713ABD9A419}.Release|x64.Build.0 = Release|Any CPU
		{E0F860E9-7224-493D-80A7-4713ABD9A419}.Release|x86.ActiveCfg = Release|Any CPU
		{E0F860E9-7224-493D-80A7-4713ABD9A419}.Release|x86.Build.0 = Release|Any CPU
		{AEBC95DA-0D7F-4EDB-8F7D-B4A2EEB6A04D}.Debug|Any CPU.ActiveCfg = Debug|x64
		{AEBC95DA-0D7F-4EDB-8F7D-B4A2EEB6A04D}.Debug|Any CPU.Build.0 = Debug|x64
		{AEBC95DA-0D7F-4EDB-8F7D-B4A2EEB6A04D}.Debug|Any CPU.Deploy.0 = Debug|x64
		{AEBC95DA-0D7F-4EDB-8F7D-B4A2EEB6A04D}.Debug|ARM.ActiveCfg = Debug|ARM
		{AEBC95DA-0D7F-4EDB-8F7D-B4A2EEB6A04D}.Debug|ARM.Build.0 = Debug|ARM
		{AEBC95DA-0D7F-4EDB-8F7D-B4A2EEB6A04D}.Debug|ARM.Deploy.0 = Debug|ARM
		{AEBC95DA-0D7F-4EDB-8F7D-B4A2EEB6A04D}.Debug|ARM64.ActiveCfg = Debug|ARM64
		{AEBC95DA-0D7F-4EDB-8F7D-B4A2EEB6A04D}.Debug|ARM64.Build.0 = Debug|ARM64
		{AEBC95DA-0D7F-4EDB-8F7D-B4A2EEB6A04D}.Debug|ARM64.Deploy.0 = Debug|ARM64
		{AEBC95DA-0D7F-4EDB-8F7D-B4A2EEB6A04D}.Debug|x64.ActiveCfg = Debug|x64
		{AEBC95DA-0D7F-4EDB-8F7D-B4A2EEB6A04D}.Debug|x64.Build.0 = Debug|x64
		{AEBC95DA-0D7F-4EDB-8F7D-B4A2EEB6A04D}.Debug|x64.Deploy.0 = Debug|x64
		{AEBC95DA-0D7F-4EDB-8F7D-B4A2EEB6A04D}.Debug|x86.ActiveCfg = Debug|x86
		{AEBC95DA-0D7F-4EDB-8F7D-B4A2EEB6A04D}.Debug|x86.Build.0 = Debug|x86
		{AEBC95DA-0D7F-4EDB-8F7D-B4A2EEB6A04D}.Debug|x86.Deploy.0 = Debug|x86
		{AEBC95DA-0D7F-4EDB-8F7D-B4A2EEB6A04D}.Release|Any CPU.ActiveCfg = Release|x64
		{AEBC95DA-0D7F-4EDB-8F7D-B4A2EEB6A04D}.Release|Any CPU.Build.0 = Release|x64
		{AEBC95DA-0D7F-4EDB-8F7D-B4A2EEB6A04D}.Release|Any CPU.Deploy.0 = Release|x64
		{AEBC95DA-0D7F-4EDB-8F7D-B4A2EEB6A04D}.Release|ARM.ActiveCfg = Release|ARM
		{AEBC95DA-0D7F-4EDB-8F7D-B4A2EEB6A04D}.Release|ARM.Build.0 = Release|ARM
		{AEBC95DA-0D7F-4EDB-8F7D-B4A2EEB6A04D}.Release|ARM.Deploy.0 = Release|ARM
		{AEBC95DA-0D7F-4EDB-8F7D-B4A2EEB6A04D}.Release|ARM64.ActiveCfg = Release|ARM64
		{AEBC95DA-0D7F-4EDB-8F7D-B4A2EEB6A04D}.Release|ARM64.Build.0 = Release|ARM64
		{AEBC95DA-0D7F-4EDB-8F7D-B4A2EEB6A04D}.Release|ARM64.Deploy.0 = Release|ARM64
		{AEBC95DA-0D7F-4EDB-8F7D-B4A2EEB6A04D}.Release|x64.ActiveCfg = Release|x64
		{AEBC95DA-0D7F-4EDB-8F7D-B4A2EEB6A04D}.Release|x64.Build.0 = Release|x64
		{AEBC95DA-0D7F-4EDB-8F7D-B4A2EEB6A04D}.Release|x64.Deploy.0 = Release|x64
		{AEBC95DA-0D7F-4EDB-8F7D-B4A2EEB6A04D}.Release|x86.ActiveCfg = Release|x86
		{AEBC95DA-0D7F-4EDB-8F7D-B4A2EEB6A04D}.Release|x86.Build.0 = Release|x86
		{AEBC95DA-0D7F-4EDB-8F7D-B4A2EEB6A04D}.Release|x86.Deploy.0 = Release|x86
	EndGlobalSection
	GlobalSection(SolutionProperties) = preSolution
		HideSolutionNode = FALSE
	EndGlobalSection
	GlobalSection(ExtensibilityGlobals) = postSolution
		SolutionGuid = {D64D1EDB-B15B-4C06-9B6E-F69D52D616B0}
	EndGlobalSection
EndGlobal
